
Microsoft Visual Studio Solution File, Format Version 12.00
# Visual Studio 15
VisualStudioVersion = 15.0.26430.14
MinimumVisualStudioVersion = 10.0.40219.1
Project("{FAE04EC0-301F-11D3-BF4B-00C04F79EFBC}") = "PhotoTextTranslator.Android", "PhotoTextTranslator\PhotoTextTranslator.Android\PhotoTextTranslator.Android.csproj", "{3D524921-5930-4F42-8394-F2D4C68122FF}"
EndProject
Project("{FAE04EC0-301F-11D3-BF4B-00C04F79EFBC}") = "PhotoTextTranslator", "PhotoTextTranslator\PhotoTextTranslator\PhotoTextTranslator.csproj", "{73FA3106-AB0D-4A11-8D34-5505AAAFEEDA}"
EndProject
Project("{FAE04EC0-301F-11D3-BF4B-00C04F79EFBC}") = "PhotoTextTranslator.UWP", "PhotoTextTranslator\PhotoTextTranslator.UWP\PhotoTextTranslator.UWP.csproj", "{25FDC7B9-1AC8-4796-A4DD-C7C9CCBB121D}"
EndProject
Project("{FAE04EC0-301F-11D3-BF4B-00C04F79EFBC}") = "PhotoTextTranslator.iOS", "PhotoTextTranslator\PhotoTextTranslator.iOS\PhotoTextTranslator.iOS.csproj", "{5AA329DA-D80F-45C9-AC3F-3A4D473B222B}"
EndProject
Global
	GlobalSection(SolutionConfigurationPlatforms) = preSolution
		Ad-Hoc|Any CPU = Ad-Hoc|Any CPU
		Ad-Hoc|ARM = Ad-Hoc|ARM
		Ad-Hoc|iPhone = Ad-Hoc|iPhone
		Ad-Hoc|iPhoneSimulator = Ad-Hoc|iPhoneSimulator
		Ad-Hoc|x64 = Ad-Hoc|x64
		Ad-Hoc|x86 = Ad-Hoc|x86
		AppStore|Any CPU = AppStore|Any CPU
		AppStore|ARM = AppStore|ARM
		AppStore|iPhone = AppStore|iPhone
		AppStore|iPhoneSimulator = AppStore|iPhoneSimulator
		AppStore|x64 = AppStore|x64
		AppStore|x86 = AppStore|x86
		Debug|Any CPU = Debug|Any CPU
		Debug|ARM = Debug|ARM
		Debug|iPhone = Debug|iPhone
		Debug|iPhoneSimulator = Debug|iPhoneSimulator
		Debug|x64 = Debug|x64
		Debug|x86 = Debug|x86
		Release|Any CPU = Release|Any CPU
		Release|ARM = Release|ARM
		Release|iPhone = Release|iPhone
		Release|iPhoneSimulator = Release|iPhoneSimulator
		Release|x64 = Release|x64
		Release|x86 = Release|x86
	EndGlobalSection
	GlobalSection(ProjectConfigurationPlatforms) = postSolution
		{3D524921-5930-4F42-8394-F2D4C68122FF}.Ad-Hoc|Any CPU.ActiveCfg = Release|Any CPU
		{3D524921-5930-4F42-8394-F2D4C68122FF}.Ad-Hoc|Any CPU.Build.0 = Release|Any CPU
		{3D524921-5930-4F42-8394-F2D4C68122FF}.Ad-Hoc|Any CPU.Deploy.0 = Release|Any CPU
		{3D524921-5930-4F42-8394-F2D4C68122FF}.Ad-Hoc|ARM.ActiveCfg = Release|Any CPU
		{3D524921-5930-4F42-8394-F2D4C68122FF}.Ad-Hoc|ARM.Build.0 = Release|Any CPU
		{3D524921-5930-4F42-8394-F2D4C68122FF}.Ad-Hoc|ARM.Deploy.0 = Release|Any CPU
		{3D524921-5930-4F42-8394-F2D4C68122FF}.Ad-Hoc|iPhone.ActiveCfg = Release|Any CPU
		{3D524921-5930-4F42-8394-F2D4C68122FF}.Ad-Hoc|iPhone.Build.0 = Release|Any CPU
		{3D524921-5930-4F42-8394-F2D4C68122FF}.Ad-Hoc|iPhone.Deploy.0 = Release|Any CPU
		{3D524921-5930-4F42-8394-F2D4C68122FF}.Ad-Hoc|iPhoneSimulator.ActiveCfg = Release|Any CPU
		{3D524921-5930-4F42-8394-F2D4C68122FF}.Ad-Hoc|iPhoneSimulator.Build.0 = Release|Any CPU
		{3D524921-5930-4F42-8394-F2D4C68122FF}.Ad-Hoc|iPhoneSimulator.Deploy.0 = Release|Any CPU
		{3D524921-5930-4F42-8394-F2D4C68122FF}.Ad-Hoc|x64.ActiveCfg = Release|Any CPU
		{3D524921-5930-4F42-8394-F2D4C68122FF}.Ad-Hoc|x64.Build.0 = Release|Any CPU
		{3D524921-5930-4F42-8394-F2D4C68122FF}.Ad-Hoc|x64.Deploy.0 = Release|Any CPU
		{3D524921-5930-4F42-8394-F2D4C68122FF}.Ad-Hoc|x86.ActiveCfg = Release|Any CPU
		{3D524921-5930-4F42-8394-F2D4C68122FF}.Ad-Hoc|x86.Build.0 = Release|Any CPU
		{3D524921-5930-4F42-8394-F2D4C68122FF}.Ad-Hoc|x86.Deploy.0 = Release|Any CPU
		{3D524921-5930-4F42-8394-F2D4C68122FF}.AppStore|Any CPU.ActiveCfg = Release|Any CPU
		{3D524921-5930-4F42-8394-F2D4C68122FF}.AppStore|Any CPU.Build.0 = Release|Any CPU
		{3D524921-5930-4F42-8394-F2D4C68122FF}.AppStore|Any CPU.Deploy.0 = Release|Any CPU
		{3D524921-5930-4F42-8394-F2D4C68122FF}.AppStore|ARM.ActiveCfg = Release|Any CPU
		{3D524921-5930-4F42-8394-F2D4C68122FF}.AppStore|ARM.Build.0 = Release|Any CPU
		{3D524921-5930-4F42-8394-F2D4C68122FF}.AppStore|ARM.Deploy.0 = Release|Any CPU
		{3D524921-5930-4F42-8394-F2D4C68122FF}.AppStore|iPhone.ActiveCfg = Release|Any CPU
		{3D524921-5930-4F42-8394-F2D4C68122FF}.AppStore|iPhone.Build.0 = Release|Any CPU
		{3D524921-5930-4F42-8394-F2D4C68122FF}.AppStore|iPhone.Deploy.0 = Release|Any CPU
		{3D524921-5930-4F42-8394-F2D4C68122FF}.AppStore|iPhoneSimulator.ActiveCfg = Release|Any CPU
		{3D524921-5930-4F42-8394-F2D4C68122FF}.AppStore|iPhoneSimulator.Build.0 = Release|Any CPU
		{3D524921-5930-4F42-8394-F2D4C68122FF}.AppStore|iPhoneSimulator.Deploy.0 = Release|Any CPU
		{3D524921-5930-4F42-8394-F2D4C68122FF}.AppStore|x64.ActiveCfg = Release|Any CPU
		{3D524921-5930-4F42-8394-F2D4C68122FF}.AppStore|x64.Build.0 = Release|Any CPU
		{3D524921-5930-4F42-8394-F2D4C68122FF}.AppStore|x64.Deploy.0 = Release|Any CPU
		{3D524921-5930-4F42-8394-F2D4C68122FF}.AppStore|x86.ActiveCfg = Release|Any CPU
		{3D524921-5930-4F42-8394-F2D4C68122FF}.AppStore|x86.Build.0 = Release|Any CPU
		{3D524921-5930-4F42-8394-F2D4C68122FF}.AppStore|x86.Deploy.0 = Release|Any CPU
		{3D524921-5930-4F42-8394-F2D4C68122FF}.Debug|Any CPU.ActiveCfg = Debug|Any CPU
		{3D524921-5930-4F42-8394-F2D4C68122FF}.Debug|Any CPU.Build.0 = Debug|Any CPU
		{3D524921-5930-4F42-8394-F2D4C68122FF}.Debug|Any CPU.Deploy.0 = Debug|Any CPU
		{3D524921-5930-4F42-8394-F2D4C68122FF}.Debug|ARM.ActiveCfg = Debug|Any CPU
		{3D524921-5930-4F42-8394-F2D4C68122FF}.Debug|ARM.Build.0 = Debug|Any CPU
		{3D524921-5930-4F42-8394-F2D4C68122FF}.Debug|ARM.Deploy.0 = Debug|Any CPU
		{3D524921-5930-4F42-8394-F2D4C68122FF}.Debug|iPhone.ActiveCfg = Debug|Any CPU
		{3D524921-5930-4F42-8394-F2D4C68122FF}.Debug|iPhone.Build.0 = Debug|Any CPU
		{3D524921-5930-4F42-8394-F2D4C68122FF}.Debug|iPhone.Deploy.0 = Debug|Any CPU
		{3D524921-5930-4F42-8394-F2D4C68122FF}.Debug|iPhoneSimulator.ActiveCfg = Debug|Any CPU
		{3D524921-5930-4F42-8394-F2D4C68122FF}.Debug|iPhoneSimulator.Build.0 = Debug|Any CPU
		{3D524921-5930-4F42-8394-F2D4C68122FF}.Debug|iPhoneSimulator.Deploy.0 = Debug|Any CPU
		{3D524921-5930-4F42-8394-F2D4C68122FF}.Debug|x64.ActiveCfg = Debug|Any CPU
		{3D524921-5930-4F42-8394-F2D4C68122FF}.Debug|x64.Build.0 = Debug|Any CPU
		{3D524921-5930-4F42-8394-F2D4C68122FF}.Debug|x64.Deploy.0 = Debug|Any CPU
		{3D524921-5930-4F42-8394-F2D4C68122FF}.Debug|x86.ActiveCfg = Debug|Any CPU
		{3D524921-5930-4F42-8394-F2D4C68122FF}.Debug|x86.Build.0 = Debug|Any CPU
		{3D524921-5930-4F42-8394-F2D4C68122FF}.Debug|x86.Deploy.0 = Debug|Any CPU
		{3D524921-5930-4F42-8394-F2D4C68122FF}.Release|Any CPU.ActiveCfg = Release|Any CPU
		{3D524921-5930-4F42-8394-F2D4C68122FF}.Release|Any CPU.Build.0 = Release|Any CPU
		{3D524921-5930-4F42-8394-F2D4C68122FF}.Release|Any CPU.Deploy.0 = Release|Any CPU
		{3D524921-5930-4F42-8394-F2D4C68122FF}.Release|ARM.ActiveCfg = Release|Any CPU
		{3D524921-5930-4F42-8394-F2D4C68122FF}.Release|ARM.Build.0 = Release|Any CPU
		{3D524921-5930-4F42-8394-F2D4C68122FF}.Release|ARM.Deploy.0 = Release|Any CPU
		{3D524921-5930-4F42-8394-F2D4C68122FF}.Release|iPhone.ActiveCfg = Release|Any CPU
		{3D524921-5930-4F42-8394-F2D4C68122FF}.Release|iPhone.Build.0 = Release|Any CPU
		{3D524921-5930-4F42-8394-F2D4C68122FF}.Release|iPhone.Deploy.0 = Release|Any CPU
		{3D524921-5930-4F42-8394-F2D4C68122FF}.Release|iPhoneSimulator.ActiveCfg = Release|Any CPU
		{3D524921-5930-4F42-8394-F2D4C68122FF}.Release|iPhoneSimulator.Build.0 = Release|Any CPU
		{3D524921-5930-4F42-8394-F2D4C68122FF}.Release|iPhoneSimulator.Deploy.0 = Release|Any CPU
		{3D524921-5930-4F42-8394-F2D4C68122FF}.Release|x64.ActiveCfg = Release|Any CPU
		{3D524921-5930-4F42-8394-F2D4C68122FF}.Release|x64.Build.0 = Release|Any CPU
		{3D524921-5930-4F42-8394-F2D4C68122FF}.Release|x64.Deploy.0 = Release|Any CPU
		{3D524921-5930-4F42-8394-F2D4C68122FF}.Release|x86.ActiveCfg = Release|Any CPU
		{3D524921-5930-4F42-8394-F2D4C68122FF}.Release|x86.Build.0 = Release|Any CPU
		{3D524921-5930-4F42-8394-F2D4C68122FF}.Release|x86.Deploy.0 = Release|Any CPU
		{73FA3106-AB0D-4A11-8D34-5505AAAFEEDA}.Ad-Hoc|Any CPU.ActiveCfg = Release|Any CPU
		{73FA3106-AB0D-4A11-8D34-5505AAAFEEDA}.Ad-Hoc|Any CPU.Build.0 = Release|Any CPU
		{73FA3106-AB0D-4A11-8D34-5505AAAFEEDA}.Ad-Hoc|ARM.ActiveCfg = Release|Any CPU
		{73FA3106-AB0D-4A11-8D34-5505AAAFEEDA}.Ad-Hoc|ARM.Build.0 = Release|Any CPU
		{73FA3106-AB0D-4A11-8D34-5505AAAFEEDA}.Ad-Hoc|iPhone.ActiveCfg = Release|Any CPU
		{73FA3106-AB0D-4A11-8D34-5505AAAFEEDA}.Ad-Hoc|iPhone.Build.0 = Release|Any CPU
		{73FA3106-AB0D-4A11-8D34-5505AAAFEEDA}.Ad-Hoc|iPhoneSimulator.ActiveCfg = Release|Any CPU
		{73FA3106-AB0D-4A11-8D34-5505AAAFEEDA}.Ad-Hoc|iPhoneSimulator.Build.0 = Release|Any CPU
		{73FA3106-AB0D-4A11-8D34-5505AAAFEEDA}.Ad-Hoc|x64.ActiveCfg = Release|Any CPU
		{73FA3106-AB0D-4A11-8D34-5505AAAFEEDA}.Ad-Hoc|x64.Build.0 = Release|Any CPU
		{73FA3106-AB0D-4A11-8D34-5505AAAFEEDA}.Ad-Hoc|x86.ActiveCfg = Release|Any CPU
		{73FA3106-AB0D-4A11-8D34-5505AAAFEEDA}.Ad-Hoc|x86.Build.0 = Release|Any CPU
		{73FA3106-AB0D-4A11-8D34-5505AAAFEEDA}.AppStore|Any CPU.ActiveCfg = Release|Any CPU
		{73FA3106-AB0D-4A11-8D34-5505AAAFEEDA}.AppStore|Any CPU.Build.0 = Release|Any CPU
		{73FA3106-AB0D-4A11-8D34-5505AAAFEEDA}.AppStore|ARM.ActiveCfg = Release|Any CPU
		{73FA3106-AB0D-4A11-8D34-5505AAAFEEDA}.AppStore|ARM.Build.0 = Release|Any CPU
		{73FA3106-AB0D-4A11-8D34-5505AAAFEEDA}.AppStore|iPhone.ActiveCfg = Release|Any CPU
		{73FA3106-AB0D-4A11-8D34-5505AAAFEEDA}.AppStore|iPhone.Build.0 = Release|Any CPU
		{73FA3106-AB0D-4A11-8D34-5505AAAFEEDA}.AppStore|iPhoneSimulator.ActiveCfg = Release|Any CPU
		{73FA3106-AB0D-4A11-8D34-5505AAAFEEDA}.AppStore|iPhoneSimulator.Build.0 = Release|Any CPU
		{73FA3106-AB0D-4A11-8D34-5505AAAFEEDA}.AppStore|x64.ActiveCfg = Release|Any CPU
		{73FA3106-AB0D-4A11-8D34-5505AAAFEEDA}.AppStore|x64.Build.0 = Release|Any CPU
		{73FA3106-AB0D-4A11-8D34-5505AAAFEEDA}.AppStore|x86.ActiveCfg = Release|Any CPU
		{73FA3106-AB0D-4A11-8D34-5505AAAFEEDA}.AppStore|x86.Build.0 = Release|Any CPU
		{73FA3106-AB0D-4A11-8D34-5505AAAFEEDA}.Debug|Any CPU.ActiveCfg = Debug|Any CPU
		{73FA3106-AB0D-4A11-8D34-5505AAAFEEDA}.Debug|Any CPU.Build.0 = Debug|Any CPU
		{73FA3106-AB0D-4A11-8D34-5505AAAFEEDA}.Debug|ARM.ActiveCfg = Debug|Any CPU
		{73FA3106-AB0D-4A11-8D34-5505AAAFEEDA}.Debug|ARM.Build.0 = Debug|Any CPU
		{73FA3106-AB0D-4A11-8D34-5505AAAFEEDA}.Debug|iPhone.ActiveCfg = Debug|Any CPU
		{73FA3106-AB0D-4A11-8D34-5505AAAFEEDA}.Debug|iPhone.Build.0 = Debug|Any CPU
		{73FA3106-AB0D-4A11-8D34-5505AAAFEEDA}.Debug|iPhoneSimulator.ActiveCfg = Debug|Any CPU
		{73FA3106-AB0D-4A11-8D34-5505AAAFEEDA}.Debug|iPhoneSimulator.Build.0 = Debug|Any CPU
		{73FA3106-AB0D-4A11-8D34-5505AAAFEEDA}.Debug|x64.ActiveCfg = Debug|Any CPU
		{73FA3106-AB0D-4A11-8D34-5505AAAFEEDA}.Debug|x64.Build.0 = Debug|Any CPU
		{73FA3106-AB0D-4A11-8D34-5505AAAFEEDA}.Debug|x86.ActiveCfg = Debug|Any CPU
		{73FA3106-AB0D-4A11-8D34-5505AAAFEEDA}.Debug|x86.Build.0 = Debug|Any CPU
		{73FA3106-AB0D-4A11-8D34-5505AAAFEEDA}.Release|Any CPU.ActiveCfg = Release|Any CPU
		{73FA3106-AB0D-4A11-8D34-5505AAAFEEDA}.Release|Any CPU.Build.0 = Release|Any CPU
		{73FA3106-AB0D-4A11-8D34-5505AAAFEEDA}.Release|ARM.ActiveCfg = Release|Any CPU
		{73FA3106-AB0D-4A11-8D34-5505AAAFEEDA}.Release|ARM.Build.0 = Release|Any CPU
		{73FA3106-AB0D-4A11-8D34-5505AAAFEEDA}.Release|iPhone.ActiveCfg = Release|Any CPU
		{73FA3106-AB0D-4A11-8D34-5505AAAFEEDA}.Release|iPhone.Build.0 = Release|Any CPU
		{73FA3106-AB0D-4A11-8D34-5505AAAFEEDA}.Release|iPhoneSimulator.ActiveCfg = Release|Any CPU
		{73FA3106-AB0D-4A11-8D34-5505AAAFEEDA}.Release|iPhoneSimulator.Build.0 = Release|Any CPU
		{73FA3106-AB0D-4A11-8D34-5505AAAFEEDA}.Release|x64.ActiveCfg = Release|Any CPU
		{73FA3106-AB0D-4A11-8D34-5505AAAFEEDA}.Release|x64.Build.0 = Release|Any CPU
		{73FA3106-AB0D-4A11-8D34-5505AAAFEEDA}.Release|x86.ActiveCfg = Release|Any CPU
		{73FA3106-AB0D-4A11-8D34-5505AAAFEEDA}.Release|x86.Build.0 = Release|Any CPU
		{25FDC7B9-1AC8-4796-A4DD-C7C9CCBB121D}.Ad-Hoc|Any CPU.ActiveCfg = Release|x86
		{25FDC7B9-1AC8-4796-A4DD-C7C9CCBB121D}.Ad-Hoc|Any CPU.Build.0 = Release|x86
		{25FDC7B9-1AC8-4796-A4DD-C7C9CCBB121D}.Ad-Hoc|Any CPU.Deploy.0 = Release|x86
		{25FDC7B9-1AC8-4796-A4DD-C7C9CCBB121D}.Ad-Hoc|ARM.ActiveCfg = Release|ARM
		{25FDC7B9-1AC8-4796-A4DD-C7C9CCBB121D}.Ad-Hoc|ARM.Build.0 = Release|ARM
		{25FDC7B9-1AC8-4796-A4DD-C7C9CCBB121D}.Ad-Hoc|ARM.Deploy.0 = Release|ARM
		{25FDC7B9-1AC8-4796-A4DD-C7C9CCBB121D}.Ad-Hoc|iPhone.ActiveCfg = Release|x86
		{25FDC7B9-1AC8-4796-A4DD-C7C9CCBB121D}.Ad-Hoc|iPhone.Build.0 = Release|x86
		{25FDC7B9-1AC8-4796-A4DD-C7C9CCBB121D}.Ad-Hoc|iPhone.Deploy.0 = Release|x86
		{25FDC7B9-1AC8-4796-A4DD-C7C9CCBB121D}.Ad-Hoc|iPhoneSimulator.ActiveCfg = Release|x86
		{25FDC7B9-1AC8-4796-A4DD-C7C9CCBB121D}.Ad-Hoc|iPhoneSimulator.Build.0 = Release|x86
		{25FDC7B9-1AC8-4796-A4DD-C7C9CCBB121D}.Ad-Hoc|iPhoneSimulator.Deploy.0 = Release|x86
		{25FDC7B9-1AC8-4796-A4DD-C7C9CCBB121D}.Ad-Hoc|x64.ActiveCfg = Release|x64
		{25FDC7B9-1AC8-4796-A4DD-C7C9CCBB121D}.Ad-Hoc|x64.Build.0 = Release|x64
		{25FDC7B9-1AC8-4796-A4DD-C7C9CCBB121D}.Ad-Hoc|x64.Deploy.0 = Release|x64
		{25FDC7B9-1AC8-4796-A4DD-C7C9CCBB121D}.Ad-Hoc|x86.ActiveCfg = Release|x86
		{25FDC7B9-1AC8-4796-A4DD-C7C9CCBB121D}.Ad-Hoc|x86.Build.0 = Release|x86
		{25FDC7B9-1AC8-4796-A4DD-C7C9CCBB121D}.Ad-Hoc|x86.Deploy.0 = Release|x86
		{25FDC7B9-1AC8-4796-A4DD-C7C9CCBB121D}.AppStore|Any CPU.ActiveCfg = Release|x86
		{25FDC7B9-1AC8-4796-A4DD-C7C9CCBB121D}.AppStore|Any CPU.Build.0 = Release|x86
		{25FDC7B9-1AC8-4796-A4DD-C7C9CCBB121D}.AppStore|Any CPU.Deploy.0 = Release|x86
		{25FDC7B9-1AC8-4796-A4DD-C7C9CCBB121D}.AppStore|ARM.ActiveCfg = Release|ARM
		{25FDC7B9-1AC8-4796-A4DD-C7C9CCBB121D}.AppStore|ARM.Build.0 = Release|ARM
		{25FDC7B9-1AC8-4796-A4DD-C7C9CCBB121D}.AppStore|ARM.Deploy.0 = Release|ARM
		{25FDC7B9-1AC8-4796-A4DD-C7C9CCBB121D}.AppStore|iPhone.ActiveCfg = Release|x86
		{25FDC7B9-1AC8-4796-A4DD-C7C9CCBB121D}.AppStore|iPhone.Build.0 = Release|x86
		{25FDC7B9-1AC8-4796-A4DD-C7C9CCBB121D}.AppStore|iPhone.Deploy.0 = Release|x86
		{25FDC7B9-1AC8-4796-A4DD-C7C9CCBB121D}.AppStore|iPhoneSimulator.ActiveCfg = Release|x86
		{25FDC7B9-1AC8-4796-A4DD-C7C9CCBB121D}.AppStore|iPhoneSimulator.Build.0 = Release|x86
		{25FDC7B9-1AC8-4796-A4DD-C7C9CCBB121D}.AppStore|iPhoneSimulator.Deploy.0 = Release|x86
		{25FDC7B9-1AC8-4796-A4DD-C7C9CCBB121D}.AppStore|x64.ActiveCfg = Release|x64
		{25FDC7B9-1AC8-4796-A4DD-C7C9CCBB121D}.AppStore|x64.Build.0 = Release|x64
		{25FDC7B9-1AC8-4796-A4DD-C7C9CCBB121D}.AppStore|x64.Deploy.0 = Release|x64
		{25FDC7B9-1AC8-4796-A4DD-C7C9CCBB121D}.AppStore|x86.ActiveCfg = Release|x86
		{25FDC7B9-1AC8-4796-A4DD-C7C9CCBB121D}.AppStore|x86.Build.0 = Release|x86
		{25FDC7B9-1AC8-4796-A4DD-C7C9CCBB121D}.AppStore|x86.Deploy.0 = Release|x86
		{25FDC7B9-1AC8-4796-A4DD-C7C9CCBB121D}.Debug|Any CPU.ActiveCfg = Debug|x86
		{25FDC7B9-1AC8-4796-A4DD-C7C9CCBB121D}.Debug|ARM.ActiveCfg = Debug|ARM
		{25FDC7B9-1AC8-4796-A4DD-C7C9CCBB121D}.Debug|ARM.Build.0 = Debug|ARM
		{25FDC7B9-1AC8-4796-A4DD-C7C9CCBB121D}.Debug|ARM.Deploy.0 = Debug|ARM
		{25FDC7B9-1AC8-4796-A4DD-C7C9CCBB121D}.Debug|iPhone.ActiveCfg = Debug|x86
		{25FDC7B9-1AC8-4796-A4DD-C7C9CCBB121D}.Debug|iPhoneSimulator.ActiveCfg = Debug|x86
		{25FDC7B9-1AC8-4796-A4DD-C7C9CCBB121D}.Debug|x64.ActiveCfg = Debug|x64
		{25FDC7B9-1AC8-4796-A4DD-C7C9CCBB121D}.Debug|x64.Build.0 = Debug|x64
		{25FDC7B9-1AC8-4796-A4DD-C7C9CCBB121D}.Debug|x64.Deploy.0 = Debug|x64
		{25FDC7B9-1AC8-4796-A4DD-C7C9CCBB121D}.Debug|x86.ActiveCfg = Debug|x86
		{25FDC7B9-1AC8-4796-A4DD-C7C9CCBB121D}.Debug|x86.Build.0 = Debug|x86
		{25FDC7B9-1AC8-4796-A4DD-C7C9CCBB121D}.Debug|x86.Deploy.0 = Debug|x86
		{25FDC7B9-1AC8-4796-A4DD-C7C9CCBB121D}.Release|Any CPU.ActiveCfg = Release|x86
		{25FDC7B9-1AC8-4796-A4DD-C7C9CCBB121D}.Release|ARM.ActiveCfg = Release|ARM
		{25FDC7B9-1AC8-4796-A4DD-C7C9CCBB121D}.Release|ARM.Build.0 = Release|ARM
		{25FDC7B9-1AC8-4796-A4DD-C7C9CCBB121D}.Release|ARM.Deploy.0 = Release|ARM
		{25FDC7B9-1AC8-4796-A4DD-C7C9CCBB121D}.Release|iPhone.ActiveCfg = Release|x86
		{25FDC7B9-1AC8-4796-A4DD-C7C9CCBB121D}.Release|iPhoneSimulator.ActiveCfg = Release|x86
		{25FDC7B9-1AC8-4796-A4DD-C7C9CCBB121D}.Release|x64.ActiveCfg = Release|x64
		{25FDC7B9-1AC8-4796-A4DD-C7C9CCBB121D}.Release|x64.Build.0 = Release|x64
		{25FDC7B9-1AC8-4796-A4DD-C7C9CCBB121D}.Release|x64.Deploy.0 = Release|x64
		{25FDC7B9-1AC8-4796-A4DD-C7C9CCBB121D}.Release|x86.ActiveCfg = Release|x86
		{25FDC7B9-1AC8-4796-A4DD-C7C9CCBB121D}.Release|x86.Build.0 = Release|x86
		{25FDC7B9-1AC8-4796-A4DD-C7C9CCBB121D}.Release|x86.Deploy.0 = Release|x86
		{5AA329DA-D80F-45C9-AC3F-3A4D473B222B}.Ad-Hoc|Any CPU.ActiveCfg = Ad-Hoc|iPhone
		{5AA329DA-D80F-45C9-AC3F-3A4D473B222B}.Ad-Hoc|ARM.ActiveCfg = Ad-Hoc|iPhone
		{5AA329DA-D80F-45C9-AC3F-3A4D473B222B}.Ad-Hoc|iPhone.ActiveCfg = Ad-Hoc|iPhone
		{5AA329DA-D80F-45C9-AC3F-3A4D473B222B}.Ad-Hoc|iPhone.Build.0 = Ad-Hoc|iPhone
		{5AA329DA-D80F-45C9-AC3F-3A4D473B222B}.Ad-Hoc|iPhoneSimulator.ActiveCfg = Ad-Hoc|iPhoneSimulator
		{5AA329DA-D80F-45C9-AC3F-3A4D473B222B}.Ad-Hoc|iPhoneSimulator.Build.0 = Ad-Hoc|iPhoneSimulator
		{5AA329DA-D80F-45C9-AC3F-3A4D473B222B}.Ad-Hoc|x64.ActiveCfg = Ad-Hoc|iPhone
		{5AA329DA-D80F-45C9-AC3F-3A4D473B222B}.Ad-Hoc|x86.ActiveCfg = Ad-Hoc|iPhone
		{5AA329DA-D80F-45C9-AC3F-3A4D473B222B}.AppStore|Any CPU.ActiveCfg = AppStore|iPhone
		{5AA329DA-D80F-45C9-AC3F-3A4D473B222B}.AppStore|ARM.ActiveCfg = AppStore|iPhone
		{5AA329DA-D80F-45C9-AC3F-3A4D473B222B}.AppStore|iPhone.ActiveCfg = AppStore|iPhone
		{5AA329DA-D80F-45C9-AC3F-3A4D473B222B}.AppStore|iPhone.Build.0 = AppStore|iPhone
		{5AA329DA-D80F-45C9-AC3F-3A4D473B222B}.AppStore|iPhoneSimulator.ActiveCfg = AppStore|iPhoneSimulator
		{5AA329DA-D80F-45C9-AC3F-3A4D473B222B}.AppStore|iPhoneSimulator.Build.0 = AppStore|iPhoneSimulator
		{5AA329DA-D80F-45C9-AC3F-3A4D473B222B}.AppStore|x64.ActiveCfg = AppStore|iPhone
		{5AA329DA-D80F-45C9-AC3F-3A4D473B222B}.AppStore|x86.ActiveCfg = AppStore|iPhone
		{5AA329DA-D80F-45C9-AC3F-3A4D473B222B}.Debug|Any CPU.ActiveCfg = Debug|iPhone
		{5AA329DA-D80F-45C9-AC3F-3A4D473B222B}.Debug|ARM.ActiveCfg = Debug|iPhone
		{5AA329DA-D80F-45C9-AC3F-3A4D473B222B}.Debug|iPhone.ActiveCfg = Debug|iPhone
		{5AA329DA-D80F-45C9-AC3F-3A4D473B222B}.Debug|iPhone.Build.0 = Debug|iPhone
		{5AA329DA-D80F-45C9-AC3F-3A4D473B222B}.Debug|iPhoneSimulator.ActiveCfg = Debug|iPhoneSimulator
		{5AA329DA-D80F-45C9-AC3F-3A4D473B222B}.Debug|iPhoneSimulator.Build.0 = Debug|iPhoneSimulator
		{5AA329DA-D80F-45C9-AC3F-3A4D473B222B}.Debug|x64.ActiveCfg = Debug|iPhone
		{5AA329DA-D80F-45C9-AC3F-3A4D473B222B}.Debug|x86.ActiveCfg = Debug|iPhone
		{5AA329DA-D80F-45C9-AC3F-3A4D473B222B}.Release|Any CPU.ActiveCfg = Release|iPhone
		{5AA329DA-D80F-45C9-AC3F-3A4D473B222B}.Release|ARM.ActiveCfg = Release|iPhone
		{5AA329DA-D80F-45C9-AC3F-3A4D473B222B}.Release|iPhone.ActiveCfg = Release|iPhone
		{5AA329DA-D80F-45C9-AC3F-3A4D473B222B}.Release|iPhone.Build.0 = Release|iPhone
		{5AA329DA-D80F-45C9-AC3F-3A4D473B222B}.Release|iPhoneSimulator.ActiveCfg = Release|iPhoneSimulator
		{5AA329DA-D80F-45C9-AC3F-3A4D473B222B}.Release|iPhoneSimulator.Build.0 = Release|iPhoneSimulator
		{5AA329DA-D80F-45C9-AC3F-3A4D473B222B}.Release|x64.ActiveCfg = Release|iPhone
		{5AA329DA-D80F-45C9-AC3F-3A4D473B222B}.Release|x86.ActiveCfg = Release|iPhone
	EndGlobalSection
	GlobalSection(SolutionProperties) = preSolution
		HideSolutionNode = FALSE
	EndGlobalSection
EndGlobal
